
Microsoft Visual Studio Solution File, Format Version 12.00
# Visual Studio 14
VisualStudioVersion = 14.0.24720.0
MinimumVisualStudioVersion = 10.0.40219.1
Project("{F2A71F9B-5D33-465A-A702-920D77279786}") = "FsFractal", "FsFractal\FsFractal.fsproj", "{64B5821C-774C-4E89-B492-5247D29A41CB}"
EndProject
Global
	GlobalSection(SolutionConfigurationPlatforms) = preSolution
		Debug|Any CPU = Debug|Any CPU
		Release|Any CPU = Release|Any CPU
	EndGlobalSection
	GlobalSection(ProjectConfigurationPlatforms) = postSolution
		{64B5821C-774C-4E89-B492-5247D29A41CB}.Debug|Any CPU.ActiveCfg = Debug|Any CPU
		{64B5821C-774C-4E89-B492-5247D29A41CB}.Debug|Any CPU.Build.0 = Debug|Any CPU
		{64B5821C-774C-4E89-B492-5247D29A41CB}.Release|Any CPU.ActiveCfg = Release|Any CPU
		{64B5821C-774C-4E89-B492-5247D29A41CB}.Release|Any CPU.Build.0 = Release|Any CPU
	EndGlobalSection
	GlobalSection(SolutionProperties) = preSolution
		HideSolutionNode = FALSE
	EndGlobalSection
EndGlobal
